{
  "version": 4,
  "terraform_version": "1.5.7",
  "serial": 133,
  "lineage": "191e9843-38d9-bfdb-5283-0f9409c366cd",
  "outputs": {},
  "resources": [
    {
      "mode": "data",
      "type": "yandex_compute_image",
      "name": "ubuntu",
      "provider": "provider[\"registry.terraform.io/yandex-cloud/yandex\"]",
      "instances": [
        {
          "schema_version": 0,
          "attributes": {
            "created_at": "2024-01-01T10:56:46Z",
            "description": "ubuntu 20.04 lts",
            "family": "ubuntu-2004-lts",
            "folder_id": "standard-images",
            "id": "fd8500b61gv8mj86b0ns",
            "image_id": "fd8500b61gv8mj86b0ns",
            "labels": {},
            "min_disk_size": 5,
            "name": "ubuntu-20-04-lts-v20240101",
            "os_type": "linux",
            "pooled": true,
            "product_ids": [
              "f2errja8ltp43m3834l6"
            ],
            "size": 4,
            "status": "ready"
          },
          "sensitive_attributes": []
        }
      ]
    },
    {
      "mode": "managed",
      "type": "local_file",
      "name": "hosts_cfg",
      "provider": "provider[\"registry.terraform.io/hashicorp/local\"]",
      "instances": [
        {
          "schema_version": 0,
          "attributes": {
            "content": "[webservers]\nweb-1 ansible_host=158.160.37.97 fqdn=fhmajl4ns1uck9qm7mt0.auto.internal\nweb-2 ansible_host=51.250.91.163 fqdn=fhm1rlmbld059ss1jd6e.auto.internal\n",
            "content_base64": null,
            "content_base64sha256": "iIutdk+tkT2fxoF8NwgIyUbY/wTDjf7OoI3ozxPzXks=",
            "content_base64sha512": "DaTFJ4G7RI6ebVtNZz9kXV9ujeCNw3/LlImNNlZgHd5DpXzX71uZKU9JpoM0tjUBciQtAtxdZAEtjieF2awYgQ==",
            "content_md5": "805b28b297b11d3ddb2b0e56b8d27e2b",
            "content_sha1": "f1f604e67057bf3f41980958e9897770e0909376",
            "content_sha256": "888bad764fad913d9fc6817c370808c946d8ff04c38dfecea08de8cf13f35e4b",
            "content_sha512": "0da4c52781bb448e9e6d5b4d673f645d5f6e8de08dc37fcb94898d3656601dde43a57cd7ef5b99294f49a68334b6350172242d02dc5d64012d8e2785d9ac1881",
            "directory_permission": "0777",
            "file_permission": "0777",
            "filename": "/Users/boriscernyj/Desktop/documents/Netologia/Git_Netologia/ter-homeworks/03/src/hosts.cfg",
            "id": "f1f604e67057bf3f41980958e9897770e0909376",
            "sensitive_content": null,
            "source": null
          },
          "sensitive_attributes": [],
          "dependencies": [
            "data.yandex_compute_image.ubuntu",
            "yandex_compute_instance.web",
            "yandex_vpc_security_group.example",
            "yandex_vpc_subnet.develop"
          ]
        }
      ]
    },
    {
      "mode": "managed",
      "type": "null_resource",
      "name": "web_hosts_provision",
      "provider": "provider[\"registry.terraform.io/hashicorp/null\"]",
      "instances": [
        {
          "schema_version": 0,
          "attributes": {
            "id": "1048849537955287790",
            "triggers": {
              "always_run": "2024-01-03T19:23:39Z",
              "playbook_src_hash": "---\n\n- name: test\n  gather_facts: false\n  hosts: all\n  vars:\n    ansible_user: ubuntu\n  become: yes\n  tasks:\n  \n  - name: Install Nginx Web Server on Debian Family\n    apt:\n      name: nginx\n      state: latest   \n      update_cache: yes \n    ",
              "ssh_public_key": "ssh-rsa AAAAB3NzaC1yc2EAAAADAQABAAABgQDEzE7TbV5irENNmmnbO9Sjytg9Cs1G6AKHqxNFmIy0QWSh4O3R6n029TGZVZdHsW5RG6DAVhyTHT/kk4zC6YJGIkBPv1Hrw6ztHk8gFuPYFX9VRqPLIEawV8uuE/Uy10lR6B7L/YTiau8xa07Z6Bg6cpZb1Bv6+9V/hQoOIAhiBKc/FvbqMnIoCH1i1BmSmyYfYX+EAoxXWnOxdIjP+m4VUdMq6okGlxKEBfneU9C+LAsTz72evJNZEssU6uPn7nIJ2EY4utqW33IswKURxPzkSOwo98efu4OJ1Ody/883Gq5/DANkdKv9yaPEI3wQ24TLgJDeX96LdfVtS+MdsRvKYyM6BwHNH4/ZgcqO/leC59TV1qASMYZ/7SJeUN0LbpoNPnmKg63MpeBuN4lrwE22VvzMlK5cCDvcXSQ0vmtUCe9Sj4AgkJ8s75e6znzZmKLi/ALnt7uFxh72J7Cn+Bksgtroki7zsOML/j1QgZ11eUWptRNvB7Q2l8cx2mhl4DM= boriscernyj@MacBook-Air-Boris.local"
            }
          },
          "sensitive_attributes": [],
          "dependencies": [
            "data.yandex_compute_image.ubuntu",
            "yandex_compute_instance.web",
            "yandex_vpc_security_group.example",
            "yandex_vpc_subnet.develop"
          ]
        }
      ]
    },
    {
      "mode": "managed",
      "type": "yandex_compute_disk",
      "name": "disk",
      "provider": "provider[\"registry.terraform.io/yandex-cloud/yandex\"]",
      "instances": [
        {
          "index_key": 0,
          "schema_version": 0,
          "attributes": {
            "allow_recreate": null,
            "block_size": 4096,
            "created_at": "2024-01-03T17:30:39Z",
            "description": "",
            "disk_placement_policy": [
              {
                "disk_placement_group_id": ""
              }
            ],
            "folder_id": "b1gpotq6hfsckkdg8gfh",
            "id": "fhmse23fmcmmq61fu58e",
            "image_id": "",
            "labels": {},
            "name": "disk-1",
            "product_ids": [],
            "size": 1,
            "snapshot_id": "",
            "status": "ready",
            "timeouts": null,
            "type": "network-hdd",
            "zone": "ru-central1-a"
          },
          "sensitive_attributes": [],
          "private": "eyJlMmJmYjczMC1lY2FhLTExZTYtOGY4OC0zNDM2M2JjN2M0YzAiOnsiY3JlYXRlIjozMDAwMDAwMDAwMDAsImRlbGV0ZSI6MzAwMDAwMDAwMDAwLCJ1cGRhdGUiOjMwMDAwMDAwMDAwMH19"
        },
        {
          "index_key": 1,
          "schema_version": 0,
          "attributes": {
            "allow_recreate": null,
            "block_size": 4096,
            "created_at": "2024-01-03T17:30:39Z",
            "description": "",
            "disk_placement_policy": [
              {
                "disk_placement_group_id": ""
              }
            ],
            "folder_id": "b1gpotq6hfsckkdg8gfh",
            "id": "fhmd8fuciesf809b1dru",
            "image_id": "",
            "labels": {},
            "name": "disk-2",
            "product_ids": [],
            "size": 1,
            "snapshot_id": "",
            "status": "ready",
            "timeouts": null,
            "type": "network-hdd",
            "zone": "ru-central1-a"
          },
          "sensitive_attributes": [],
          "private": "eyJlMmJmYjczMC1lY2FhLTExZTYtOGY4OC0zNDM2M2JjN2M0YzAiOnsiY3JlYXRlIjozMDAwMDAwMDAwMDAsImRlbGV0ZSI6MzAwMDAwMDAwMDAwLCJ1cGRhdGUiOjMwMDAwMDAwMDAwMH19"
        },
        {
          "index_key": 2,
          "schema_version": 0,
          "attributes": {
            "allow_recreate": null,
            "block_size": 4096,
            "created_at": "2024-01-03T17:30:39Z",
            "description": "",
            "disk_placement_policy": [
              {
                "disk_placement_group_id": ""
              }
            ],
            "folder_id": "b1gpotq6hfsckkdg8gfh",
            "id": "fhmcre86lag7r94e26a0",
            "image_id": "",
            "labels": {},
            "name": "disk-3",
            "product_ids": [],
            "size": 1,
            "snapshot_id": "",
            "status": "ready",
            "timeouts": null,
            "type": "network-hdd",
            "zone": "ru-central1-a"
          },
          "sensitive_attributes": [],
          "private": "eyJlMmJmYjczMC1lY2FhLTExZTYtOGY4OC0zNDM2M2JjN2M0YzAiOnsiY3JlYXRlIjozMDAwMDAwMDAwMDAsImRlbGV0ZSI6MzAwMDAwMDAwMDAwLCJ1cGRhdGUiOjMwMDAwMDAwMDAwMH19"
        }
      ]
    },
    {
      "mode": "managed",
      "type": "yandex_compute_instance",
      "name": "db",
      "provider": "provider[\"registry.terraform.io/yandex-cloud/yandex\"]",
      "instances": [
        {
          "index_key": "main",
          "schema_version": 1,
          "attributes": {
            "allow_recreate": null,
            "allow_stopping_for_update": true,
            "boot_disk": [
              {
                "auto_delete": true,
                "device_name": "fhm30v09hrao9mbfgdb8",
                "disk_id": "fhm30v09hrao9mbfgdb8",
                "initialize_params": [
                  {
                    "block_size": 4096,
                    "description": "",
                    "image_id": "fd8500b61gv8mj86b0ns",
                    "name": "",
                    "size": 5,
                    "snapshot_id": "",
                    "type": "network-hdd"
                  }
                ],
                "mode": "READ_WRITE"
              }
            ],
            "created_at": "2024-01-03T17:31:14Z",
            "description": "",
            "filesystem": [],
            "folder_id": "b1gpotq6hfsckkdg8gfh",
            "fqdn": "fhmgvu997h7s9kp2uol9.auto.internal",
            "gpu_cluster_id": "",
            "hostname": "",
            "id": "fhmgvu997h7s9kp2uol9",
            "labels": {},
            "local_disk": [],
            "metadata": {
              "ssh-keys": "ssh-rsa AAAAB3NzaC1yc2EAAAADAQABAAABgQDEzE7TbV5irENNmmnbO9Sjytg9Cs1G6AKHqxNFmIy0QWSh4O3R6n029TGZVZdHsW5RG6DAVhyTHT/kk4zC6YJGIkBPv1Hrw6ztHk8gFuPYFX9VRqPLIEawV8uuE/Uy10lR6B7L/YTiau8xa07Z6Bg6cpZb1Bv6+9V/hQoOIAhiBKc/FvbqMnIoCH1i1BmSmyYfYX+EAoxXWnOxdIjP+m4VUdMq6okGlxKEBfneU9C+LAsTz72evJNZEssU6uPn7nIJ2EY4utqW33IswKURxPzkSOwo98efu4OJ1Ody/883Gq5/DANkdKv9yaPEI3wQ24TLgJDeX96LdfVtS+MdsRvKYyM6BwHNH4/ZgcqO/leC59TV1qASMYZ/7SJeUN0LbpoNPnmKg63MpeBuN4lrwE22VvzMlK5cCDvcXSQ0vmtUCe9Sj4AgkJ8s75e6znzZmKLi/ALnt7uFxh72J7Cn+Bksgtroki7zsOML/j1QgZ11eUWptRNvB7Q2l8cx2mhl4DM= boriscernyj@MacBook-Air-Boris.local\n"
            },
            "metadata_options": [
              {
                "aws_v1_http_endpoint": 1,
                "aws_v1_http_token": 2,
                "gce_http_endpoint": 1,
                "gce_http_token": 1
              }
            ],
            "name": "main",
            "network_acceleration_type": "standard",
            "network_interface": [
              {
                "dns_record": [],
                "index": 0,
                "ip_address": "10.0.1.15",
                "ipv4": true,
                "ipv6": false,
                "ipv6_address": "",
                "ipv6_dns_record": [],
                "mac_address": "d0:0d:10:ff:92:93",
                "nat": false,
                "nat_dns_record": [],
                "nat_ip_address": "",
                "nat_ip_version": "",
                "security_group_ids": [
                  "enpit5hj09j6q2dvu5kg"
                ],
                "subnet_id": "e9bn4mco7c6g8a7qqu6b"
              }
            ],
            "placement_policy": [
              {
                "host_affinity_rules": [],
                "placement_group_id": ""
              }
            ],
            "platform_id": "standard-v1",
            "resources": [
              {
                "core_fraction": 5,
                "cores": 2,
                "gpus": 0,
                "memory": 1
              }
            ],
            "scheduling_policy": [
              {
                "preemptible": false
              }
            ],
            "secondary_disk": [
              {
                "auto_delete": false,
                "device_name": "fhmk9jer0i50954pudkp",
                "disk_id": "fhmk9jer0i50954pudkp",
                "mode": "READ_WRITE"
              }
            ],
            "service_account_id": "",
            "status": "running",
            "timeouts": null,
            "zone": "ru-central1-a"
          },
          "sensitive_attributes": [],
          "private": "eyJlMmJmYjczMC1lY2FhLTExZTYtOGY4OC0zNDM2M2JjN2M0YzAiOnsiY3JlYXRlIjozMDAwMDAwMDAwMDAsImRlbGV0ZSI6MzAwMDAwMDAwMDAwLCJ1cGRhdGUiOjMwMDAwMDAwMDAwMH0sInNjaGVtYV92ZXJzaW9uIjoiMSJ9",
          "dependencies": [
            "data.yandex_compute_image.ubuntu",
            "yandex_compute_instance.web",
            "yandex_vpc_network.develop",
            "yandex_vpc_security_group.example",
            "yandex_vpc_subnet.develop"
          ]
        },
        {
          "index_key": "replica",
          "schema_version": 1,
          "attributes": {
            "allow_recreate": null,
            "allow_stopping_for_update": true,
            "boot_disk": [
              {
                "auto_delete": true,
                "device_name": "fhm5pq6nijv84emohkgq",
                "disk_id": "fhm5pq6nijv84emohkgq",
                "initialize_params": [
                  {
                    "block_size": 4096,
                    "description": "",
                    "image_id": "fd8500b61gv8mj86b0ns",
                    "name": "",
                    "size": 5,
                    "snapshot_id": "",
                    "type": "network-hdd"
                  }
                ],
                "mode": "READ_WRITE"
              }
            ],
            "created_at": "2024-01-03T17:31:14Z",
            "description": "",
            "filesystem": [],
            "folder_id": "b1gpotq6hfsckkdg8gfh",
            "fqdn": "fhmu8umgvpi3krhe5tu4.auto.internal",
            "gpu_cluster_id": "",
            "hostname": "",
            "id": "fhmu8umgvpi3krhe5tu4",
            "labels": {},
            "local_disk": [],
            "metadata": {
              "ssh-keys": "ssh-rsa AAAAB3NzaC1yc2EAAAADAQABAAABgQDEzE7TbV5irENNmmnbO9Sjytg9Cs1G6AKHqxNFmIy0QWSh4O3R6n029TGZVZdHsW5RG6DAVhyTHT/kk4zC6YJGIkBPv1Hrw6ztHk8gFuPYFX9VRqPLIEawV8uuE/Uy10lR6B7L/YTiau8xa07Z6Bg6cpZb1Bv6+9V/hQoOIAhiBKc/FvbqMnIoCH1i1BmSmyYfYX+EAoxXWnOxdIjP+m4VUdMq6okGlxKEBfneU9C+LAsTz72evJNZEssU6uPn7nIJ2EY4utqW33IswKURxPzkSOwo98efu4OJ1Ody/883Gq5/DANkdKv9yaPEI3wQ24TLgJDeX96LdfVtS+MdsRvKYyM6BwHNH4/ZgcqO/leC59TV1qASMYZ/7SJeUN0LbpoNPnmKg63MpeBuN4lrwE22VvzMlK5cCDvcXSQ0vmtUCe9Sj4AgkJ8s75e6znzZmKLi/ALnt7uFxh72J7Cn+Bksgtroki7zsOML/j1QgZ11eUWptRNvB7Q2l8cx2mhl4DM= boriscernyj@MacBook-Air-Boris.local\n"
            },
            "metadata_options": [
              {
                "aws_v1_http_endpoint": 1,
                "aws_v1_http_token": 2,
                "gce_http_endpoint": 1,
                "gce_http_token": 1
              }
            ],
            "name": "replica",
            "network_acceleration_type": "standard",
            "network_interface": [
              {
                "dns_record": [],
                "index": 0,
                "ip_address": "10.0.1.34",
                "ipv4": true,
                "ipv6": false,
                "ipv6_address": "",
                "ipv6_dns_record": [],
                "mac_address": "d0:0d:1e:47:ad:0f",
                "nat": false,
                "nat_dns_record": [],
                "nat_ip_address": "",
                "nat_ip_version": "",
                "security_group_ids": [
                  "enpit5hj09j6q2dvu5kg"
                ],
                "subnet_id": "e9bn4mco7c6g8a7qqu6b"
              }
            ],
            "placement_policy": [
              {
                "host_affinity_rules": [],
                "placement_group_id": ""
              }
            ],
            "platform_id": "standard-v1",
            "resources": [
              {
                "core_fraction": 20,
                "cores": 4,
                "gpus": 0,
                "memory": 2
              }
            ],
            "scheduling_policy": [
              {
                "preemptible": false
              }
            ],
            "secondary_disk": [
              {
                "auto_delete": false,
                "device_name": "fhm55c69lcltm6ch95so",
                "disk_id": "fhm55c69lcltm6ch95so",
                "mode": "READ_WRITE"
              }
            ],
            "service_account_id": "",
            "status": "running",
            "timeouts": null,
            "zone": "ru-central1-a"
          },
          "sensitive_attributes": [],
          "private": "eyJlMmJmYjczMC1lY2FhLTExZTYtOGY4OC0zNDM2M2JjN2M0YzAiOnsiY3JlYXRlIjozMDAwMDAwMDAwMDAsImRlbGV0ZSI6MzAwMDAwMDAwMDAwLCJ1cGRhdGUiOjMwMDAwMDAwMDAwMH0sInNjaGVtYV92ZXJzaW9uIjoiMSJ9",
          "dependencies": [
            "data.yandex_compute_image.ubuntu",
            "yandex_compute_instance.web",
            "yandex_vpc_network.develop",
            "yandex_vpc_security_group.example",
            "yandex_vpc_subnet.develop"
          ]
        }
      ]
    },
    {
      "mode": "managed",
      "type": "yandex_compute_instance",
      "name": "storage",
      "provider": "provider[\"registry.terraform.io/yandex-cloud/yandex\"]",
      "instances": [
        {
          "schema_version": 1,
          "attributes": {
            "allow_recreate": null,
            "allow_stopping_for_update": true,
            "boot_disk": [
              {
                "auto_delete": true,
                "device_name": "fhm9si889ah2deu5pusj",
                "disk_id": "fhm9si889ah2deu5pusj",
                "initialize_params": [
                  {
                    "block_size": 4096,
                    "description": "",
                    "image_id": "fd8500b61gv8mj86b0ns",
                    "name": "",
                    "size": 5,
                    "snapshot_id": "",
                    "type": "network-hdd"
                  }
                ],
                "mode": "READ_WRITE"
              }
            ],
            "created_at": "2024-01-03T17:30:51Z",
            "description": "",
            "filesystem": [],
            "folder_id": "b1gpotq6hfsckkdg8gfh",
            "fqdn": "fhm2nfsguqs8e92iaq6p.auto.internal",
            "gpu_cluster_id": "",
            "hostname": "",
            "id": "fhm2nfsguqs8e92iaq6p",
            "labels": {},
            "local_disk": [],
            "metadata": {},
            "metadata_options": [
              {
                "aws_v1_http_endpoint": 1,
                "aws_v1_http_token": 2,
                "gce_http_endpoint": 1,
                "gce_http_token": 1
              }
            ],
            "name": "storage",
            "network_acceleration_type": "standard",
            "network_interface": [
              {
                "dns_record": [],
                "index": 0,
                "ip_address": "10.0.1.36",
                "ipv4": true,
                "ipv6": false,
                "ipv6_address": "",
                "ipv6_dns_record": [],
                "mac_address": "d0:0d:2b:bf:90:f6",
                "nat": false,
                "nat_dns_record": [],
                "nat_ip_address": "",
                "nat_ip_version": "",
                "security_group_ids": [
                  "enpit5hj09j6q2dvu5kg"
                ],
                "subnet_id": "e9bn4mco7c6g8a7qqu6b"
              }
            ],
            "placement_policy": [
              {
                "host_affinity_rules": [],
                "placement_group_id": ""
              }
            ],
            "platform_id": "standard-v1",
            "resources": [
              {
                "core_fraction": 5,
                "cores": 2,
                "gpus": 0,
                "memory": 1
              }
            ],
            "scheduling_policy": [
              {
                "preemptible": false
              }
            ],
            "secondary_disk": [
              {
                "auto_delete": false,
                "device_name": "fhmse23fmcmmq61fu58e",
                "disk_id": "fhmse23fmcmmq61fu58e",
                "mode": "READ_WRITE"
              },
              {
                "auto_delete": false,
                "device_name": "fhmd8fuciesf809b1dru",
                "disk_id": "fhmd8fuciesf809b1dru",
                "mode": "READ_WRITE"
              },
              {
                "auto_delete": false,
                "device_name": "fhmcre86lag7r94e26a0",
                "disk_id": "fhmcre86lag7r94e26a0",
                "mode": "READ_WRITE"
              }
            ],
            "service_account_id": "",
            "status": "running",
            "timeouts": null,
            "zone": "ru-central1-a"
          },
          "sensitive_attributes": [],
          "private": "eyJlMmJmYjczMC1lY2FhLTExZTYtOGY4OC0zNDM2M2JjN2M0YzAiOnsiY3JlYXRlIjozMDAwMDAwMDAwMDAsImRlbGV0ZSI6MzAwMDAwMDAwMDAwLCJ1cGRhdGUiOjMwMDAwMDAwMDAwMH0sInNjaGVtYV92ZXJzaW9uIjoiMSJ9",
          "dependencies": [
            "data.yandex_compute_image.ubuntu",
            "yandex_compute_disk.disk",
            "yandex_vpc_network.develop",
            "yandex_vpc_security_group.example",
            "yandex_vpc_subnet.develop"
          ]
        }
      ]
    },
    {
      "mode": "managed",
      "type": "yandex_compute_instance",
      "name": "web",
      "provider": "provider[\"registry.terraform.io/yandex-cloud/yandex\"]",
      "instances": [
        {
          "index_key": 0,
          "schema_version": 1,
          "attributes": {
            "allow_recreate": null,
            "allow_stopping_for_update": true,
            "boot_disk": [
              {
                "auto_delete": true,
                "device_name": "fhmcvbjum494bl8m6gut",
                "disk_id": "fhmcvbjum494bl8m6gut",
                "initialize_params": [
                  {
                    "block_size": 4096,
                    "description": "",
                    "image_id": "fd8500b61gv8mj86b0ns",
                    "name": "",
                    "size": 5,
                    "snapshot_id": "",
                    "type": "network-hdd"
                  }
                ],
                "mode": "READ_WRITE"
              }
            ],
            "created_at": "2024-01-03T17:30:40Z",
            "description": "",
            "filesystem": [],
            "folder_id": "b1gpotq6hfsckkdg8gfh",
            "fqdn": "fhmajl4ns1uck9qm7mt0.auto.internal",
            "gpu_cluster_id": "",
            "hostname": "",
            "id": "fhmajl4ns1uck9qm7mt0",
            "labels": {},
            "local_disk": [],
            "metadata": {
              "user-data": "#cloud-config\nusers:\n  - name: boriscernyj\n    groups: sudo\n    shell: /bin/bash\n    sudo: \"ALL=(ALL) NOPASSWD:ALL\"\n    ssh-authorized-keys:\n      - ssh-rsa AAAAB3NzaC1yc2EAAAADAQABAAABgQDEzE7TbV5irENNmmnbO9Sjytg9Cs1G6AKHqxNFmIy0QWSh4O3R6n029TGZVZdHsW5RG6DAVhyTHT/kk4zC6YJGIkBPv1Hrw6ztHk8gFuPYFX9VRqPLIEawV8uuE/Uy10lR6B7L/YTiau8xa07Z6Bg6cpZb1Bv6+9V/hQoOIAhiBKc/FvbqMnIoCH1i1BmSmyYfYX+EAoxXWnOxdIjP+m4VUdMq6okGlxKEBfneU9C+LAsTz72evJNZEssU6uPn7nIJ2EY4utqW33IswKURxPzkSOwo98efu4OJ1Ody/883Gq5/DANkdKv9yaPEI3wQ24TLgJDeX96LdfVtS+MdsRvKYyM6BwHNH4/ZgcqO/leC59TV1qASMYZ/7SJeUN0LbpoNPnmKg63MpeBuN4lrwE22VvzMlK5cCDvcXSQ0vmtUCe9Sj4AgkJ8s75e6znzZmKLi/ALnt7uFxh72J7Cn+Bksgtroki7zsOML/j1QgZ11eUWptRNvB7Q2l8cx2mhl4DM= boriscernyj@MacBook-Air-Boris.local\n"
            },
            "metadata_options": [
              {
                "aws_v1_http_endpoint": 1,
                "aws_v1_http_token": 2,
                "gce_http_endpoint": 1,
                "gce_http_token": 1
              }
            ],
            "name": "web-1",
            "network_acceleration_type": "standard",
            "network_interface": [
              {
                "dns_record": [],
                "index": 0,
                "ip_address": "10.0.1.17",
                "ipv4": true,
                "ipv6": false,
                "ipv6_address": "",
                "ipv6_dns_record": [],
                "mac_address": "d0:0d:a9:d4:97:e0",
                "nat": true,
                "nat_dns_record": [],
                "nat_ip_address": "158.160.37.97",
                "nat_ip_version": "IPV4",
                "security_group_ids": [
                  "enpit5hj09j6q2dvu5kg"
                ],
                "subnet_id": "e9bn4mco7c6g8a7qqu6b"
              }
            ],
            "placement_policy": [
              {
                "host_affinity_rules": [],
                "placement_group_id": ""
              }
            ],
            "platform_id": "standard-v1",
            "resources": [
              {
                "core_fraction": 5,
                "cores": 2,
                "gpus": 0,
                "memory": 1
              }
            ],
            "scheduling_policy": [
              {
                "preemptible": false
              }
            ],
            "secondary_disk": [],
            "service_account_id": "",
            "status": "running",
            "timeouts": null,
            "zone": "ru-central1-a"
          },
          "sensitive_attributes": [],
          "private": "eyJlMmJmYjczMC1lY2FhLTExZTYtOGY4OC0zNDM2M2JjN2M0YzAiOnsiY3JlYXRlIjozMDAwMDAwMDAwMDAsImRlbGV0ZSI6MzAwMDAwMDAwMDAwLCJ1cGRhdGUiOjMwMDAwMDAwMDAwMH0sInNjaGVtYV92ZXJzaW9uIjoiMSJ9",
          "dependencies": [
            "data.yandex_compute_image.ubuntu",
            "yandex_vpc_security_group.example",
            "yandex_vpc_subnet.develop"
          ]
        },
        {
          "index_key": 1,
          "schema_version": 1,
          "attributes": {
            "allow_recreate": null,
            "allow_stopping_for_update": true,
            "boot_disk": [
              {
                "auto_delete": true,
                "device_name": "fhm3f22kom9po5m5r0oe",
                "disk_id": "fhm3f22kom9po5m5r0oe",
                "initialize_params": [
                  {
                    "block_size": 4096,
                    "description": "",
                    "image_id": "fd8500b61gv8mj86b0ns",
                    "name": "",
                    "size": 5,
                    "snapshot_id": "",
                    "type": "network-hdd"
                  }
                ],
                "mode": "READ_WRITE"
              }
            ],
            "created_at": "2024-01-03T17:30:40Z",
            "description": "",
            "filesystem": [],
            "folder_id": "b1gpotq6hfsckkdg8gfh",
            "fqdn": "fhm1rlmbld059ss1jd6e.auto.internal",
            "gpu_cluster_id": "",
            "hostname": "",
            "id": "fhm1rlmbld059ss1jd6e",
            "labels": {},
            "local_disk": [],
            "metadata": {
              "user-data": "#cloud-config\nusers:\n  - name: boriscernyj\n    groups: sudo\n    shell: /bin/bash\n    sudo: \"ALL=(ALL) NOPASSWD:ALL\"\n    ssh-authorized-keys:\n      - ssh-rsa AAAAB3NzaC1yc2EAAAADAQABAAABgQDEzE7TbV5irENNmmnbO9Sjytg9Cs1G6AKHqxNFmIy0QWSh4O3R6n029TGZVZdHsW5RG6DAVhyTHT/kk4zC6YJGIkBPv1Hrw6ztHk8gFuPYFX9VRqPLIEawV8uuE/Uy10lR6B7L/YTiau8xa07Z6Bg6cpZb1Bv6+9V/hQoOIAhiBKc/FvbqMnIoCH1i1BmSmyYfYX+EAoxXWnOxdIjP+m4VUdMq6okGlxKEBfneU9C+LAsTz72evJNZEssU6uPn7nIJ2EY4utqW33IswKURxPzkSOwo98efu4OJ1Ody/883Gq5/DANkdKv9yaPEI3wQ24TLgJDeX96LdfVtS+MdsRvKYyM6BwHNH4/ZgcqO/leC59TV1qASMYZ/7SJeUN0LbpoNPnmKg63MpeBuN4lrwE22VvzMlK5cCDvcXSQ0vmtUCe9Sj4AgkJ8s75e6znzZmKLi/ALnt7uFxh72J7Cn+Bksgtroki7zsOML/j1QgZ11eUWptRNvB7Q2l8cx2mhl4DM= boriscernyj@MacBook-Air-Boris.local\n"
            },
            "metadata_options": [
              {
                "aws_v1_http_endpoint": 1,
                "aws_v1_http_token": 2,
                "gce_http_endpoint": 1,
                "gce_http_token": 1
              }
            ],
            "name": "web-2",
            "network_acceleration_type": "standard",
            "network_interface": [
              {
                "dns_record": [],
                "index": 0,
                "ip_address": "10.0.1.30",
                "ipv4": true,
                "ipv6": false,
                "ipv6_address": "",
                "ipv6_dns_record": [],
                "mac_address": "d0:0d:1d:d6:cb:ab",
                "nat": true,
                "nat_dns_record": [],
                "nat_ip_address": "51.250.91.163",
                "nat_ip_version": "IPV4",
                "security_group_ids": [
                  "enpit5hj09j6q2dvu5kg"
                ],
                "subnet_id": "e9bn4mco7c6g8a7qqu6b"
              }
            ],
            "placement_policy": [
              {
                "host_affinity_rules": [],
                "placement_group_id": ""
              }
            ],
            "platform_id": "standard-v1",
            "resources": [
              {
                "core_fraction": 5,
                "cores": 2,
                "gpus": 0,
                "memory": 1
              }
            ],
            "scheduling_policy": [
              {
                "preemptible": false
              }
            ],
            "secondary_disk": [],
            "service_account_id": "",
            "status": "running",
            "timeouts": null,
            "zone": "ru-central1-a"
          },
          "sensitive_attributes": [],
          "private": "eyJlMmJmYjczMC1lY2FhLTExZTYtOGY4OC0zNDM2M2JjN2M0YzAiOnsiY3JlYXRlIjozMDAwMDAwMDAwMDAsImRlbGV0ZSI6MzAwMDAwMDAwMDAwLCJ1cGRhdGUiOjMwMDAwMDAwMDAwMH0sInNjaGVtYV92ZXJzaW9uIjoiMSJ9",
          "dependencies": [
            "data.yandex_compute_image.ubuntu",
            "yandex_vpc_security_group.example",
            "yandex_vpc_subnet.develop"
          ]
        }
      ]
    },
    {
      "mode": "managed",
      "type": "yandex_vpc_network",
      "name": "develop",
      "provider": "provider[\"registry.terraform.io/yandex-cloud/yandex\"]",
      "instances": [
        {
          "schema_version": 0,
          "attributes": {
            "created_at": "2023-12-23T14:39:18Z",
            "default_security_group_id": "enp2gmk4jfa3efqpk7t3",
            "description": "",
            "folder_id": "b1gpotq6hfsckkdg8gfh",
            "id": "enpu0217ddti65j17fcn",
            "labels": {},
            "name": "develop",
            "subnet_ids": [
              "e9bn4mco7c6g8a7qqu6b"
            ],
            "timeouts": null
          },
          "sensitive_attributes": [],
          "private": "eyJlMmJmYjczMC1lY2FhLTExZTYtOGY4OC0zNDM2M2JjN2M0YzAiOnsiY3JlYXRlIjo2MDAwMDAwMDAwMCwiZGVsZXRlIjo2MDAwMDAwMDAwMCwidXBkYXRlIjo2MDAwMDAwMDAwMH19"
        }
      ]
    },
    {
      "mode": "managed",
      "type": "yandex_vpc_security_group",
      "name": "example",
      "provider": "provider[\"registry.terraform.io/yandex-cloud/yandex\"]",
      "instances": [
        {
          "schema_version": 0,
          "attributes": {
            "created_at": "2023-12-23T14:39:20Z",
            "description": "",
            "egress": [
              {
                "description": "разрешить весь исходящий трафик",
                "from_port": 0,
                "id": "enplgli5hh2ld02agiht",
                "labels": {},
                "port": -1,
                "predefined_target": "",
                "protocol": "TCP",
                "security_group_id": "",
                "to_port": 65365,
                "v4_cidr_blocks": [
                  "0.0.0.0/0"
                ],
                "v6_cidr_blocks": []
              }
            ],
            "folder_id": "b1gpotq6hfsckkdg8gfh",
            "id": "enpit5hj09j6q2dvu5kg",
            "ingress": [
              {
                "description": "разрешить входящий  http",
                "from_port": -1,
                "id": "enp3fsu5fp6cvo74gteh",
                "labels": {},
                "port": 80,
                "predefined_target": "",
                "protocol": "TCP",
                "security_group_id": "",
                "to_port": -1,
                "v4_cidr_blocks": [
                  "0.0.0.0/0"
                ],
                "v6_cidr_blocks": []
              },
              {
                "description": "разрешить входящий https",
                "from_port": -1,
                "id": "enpeg78nhckfih02vlk3",
                "labels": {},
                "port": 443,
                "predefined_target": "",
                "protocol": "TCP",
                "security_group_id": "",
                "to_port": -1,
                "v4_cidr_blocks": [
                  "0.0.0.0/0"
                ],
                "v6_cidr_blocks": []
              },
              {
                "description": "разрешить входящий ssh",
                "from_port": -1,
                "id": "enpstcuv861ejscndvuf",
                "labels": {},
                "port": 22,
                "predefined_target": "",
                "protocol": "TCP",
                "security_group_id": "",
                "to_port": -1,
                "v4_cidr_blocks": [
                  "0.0.0.0/0"
                ],
                "v6_cidr_blocks": []
              }
            ],
            "labels": {},
            "name": "example_dynamic",
            "network_id": "enpu0217ddti65j17fcn",
            "status": "ACTIVE",
            "timeouts": null
          },
          "sensitive_attributes": [],
          "private": "eyJlMmJmYjczMC1lY2FhLTExZTYtOGY4OC0zNDM2M2JjN2M0YzAiOnsiY3JlYXRlIjoxODAwMDAwMDAwMDAsImRlbGV0ZSI6MTgwMDAwMDAwMDAwLCJ1cGRhdGUiOjE4MDAwMDAwMDAwMH19",
          "dependencies": [
            "yandex_vpc_network.develop"
          ]
        }
      ]
    },
    {
      "mode": "managed",
      "type": "yandex_vpc_subnet",
      "name": "develop",
      "provider": "provider[\"registry.terraform.io/yandex-cloud/yandex\"]",
      "instances": [
        {
          "schema_version": 0,
          "attributes": {
            "created_at": "2023-12-23T14:39:19Z",
            "description": "",
            "dhcp_options": [],
            "folder_id": "b1gpotq6hfsckkdg8gfh",
            "id": "e9bn4mco7c6g8a7qqu6b",
            "labels": {},
            "name": "develop",
            "network_id": "enpu0217ddti65j17fcn",
            "route_table_id": "",
            "timeouts": null,
            "v4_cidr_blocks": [
              "10.0.1.0/24"
            ],
            "v6_cidr_blocks": [],
            "zone": "ru-central1-a"
          },
          "sensitive_attributes": [],
          "private": "eyJlMmJmYjczMC1lY2FhLTExZTYtOGY4OC0zNDM2M2JjN2M0YzAiOnsiY3JlYXRlIjoxODAwMDAwMDAwMDAsImRlbGV0ZSI6MTgwMDAwMDAwMDAwLCJ1cGRhdGUiOjE4MDAwMDAwMDAwMH19",
          "dependencies": [
            "yandex_vpc_network.develop"
          ]
        }
      ]
    }
  ],
  "check_results": null
}
